<?xml version="1.0" encoding="UTF-8" standalone="yes" ?>
<CodeBlocks_project_file>
	<FileVersion major="1" minor="6" />
	<Project>
		<Option title="mBot" />
		<Option pch_mode="2" />
		<Option compiler="gcc" />
		<Build>
			<Target title="Debug">
				<Option output="bin\Debug\mBot" prefix_auto="1" extension_auto="1" />
				<Option working_dir="bin\Debug" />
				<Option object_output="obj\Debug\" />
				<Option type="0" />
				<Option compiler="gcc" />
				<Compiler>
					<Add option="-g" />
				</Compiler>
			</Target>
			<Target title="Release">
				<Option output="bin\Release\mBot" prefix_auto="1" extension_auto="1" />
				<Option object_output="obj\Release\" />
				<Option type="0" />
				<Option compiler="gcc" />
				<Compiler>
					<Add option="-fexpensive-optimizations" />
					<Add option="-Os" />
					<Add option="-O3" />
					<Add option="-O2" />
					<Add option="-O1" />
					<Add option="-O" />
				</Compiler>
				<Linker>
					<Add option="-s" />
				</Linker>
			</Target>
		</Build>
		<Compiler>
			<Add option="-Wall" />
		</Compiler>
		<Unit filename="AdditionalAnalyzeMessage.cpp" />
		<Unit filename="AdditionalAnalyzeMessage.hpp" />
		<Unit filename="AnalyzeMessage.cpp" />
		<Unit filename="AnalyzeMessage.hpp" />
		<Unit filename="Includes.hpp" />
		<Unit filename="MainFunctions.cpp" />
		<Unit filename="MainFunctions.hpp" />
		<Unit filename="MainRc.rc">
			<Option compilerVar="WINDRES" />
		</Unit>
		<Unit filename="MainSrc.cpp" />
		<Extensions>
			<code_completion />
			<debugger />
		</Extensions>
	</Project>
</CodeBlocks_project_file>
